
Microsoft Visual Studio Solution File, Format Version 12.00
# Visual Studio Version 17
VisualStudioVersion = 17.14.36511.14
MinimumVisualStudioVersion = 10.0.40219.1
Project("{FAE04EC0-301F-11D3-BF4B-00C04F79EFBC}") = "CentroDeportivo.View", "CentroDeportivo.View\CentroDeportivo.View.csproj", "{B3343435-B695-47A0-AC27-59ECBEC2EEDD}"
EndProject
Project("{FAE04EC0-301F-11D3-BF4B-00C04F79EFBC}") = "CentroDeportivo.Model", "CentroDeportivo.Model\CentroDeportivo.Model.csproj", "{A7AD8026-AFB1-44D8-BB21-AD9721839BC4}"
EndProject
Project("{FAE04EC0-301F-11D3-BF4B-00C04F79EFBC}") = "CentroDeportivo.ViewModel", "CentroDeportivo.ViewModel\CentroDeportivo.ViewModel.csproj", "{392FE843-91CB-4252-9F3C-9D098D181FC2}"
EndProject
Project("{FAE04EC0-301F-11D3-BF4B-00C04F79EFBC}") = "CentroDeportivo.Informes", "CentroDeportivo.Informes\CentroDeportivo.Informes.csproj", "{FEAA0B58-39BE-4EF2-8DD0-CD007494B8FA}"
EndProject
Project("{FAE04EC0-301F-11D3-BF4B-00C04F79EFBC}") = "CentroDeportivo.Tests", "CentroDeportivo.Tests\CentroDeportivo.Tests.csproj", "{DF71AF4F-E4E7-4EA9-AA3F-879A7E1DBD12}"
EndProject
Global
	GlobalSection(SolutionConfigurationPlatforms) = preSolution
		Debug|Any CPU = Debug|Any CPU
		Release|Any CPU = Release|Any CPU
	EndGlobalSection
	GlobalSection(ProjectConfigurationPlatforms) = postSolution
		{B3343435-B695-47A0-AC27-59ECBEC2EEDD}.Debug|Any CPU.ActiveCfg = Debug|Any CPU
		{B3343435-B695-47A0-AC27-59ECBEC2EEDD}.Debug|Any CPU.Build.0 = Debug|Any CPU
		{B3343435-B695-47A0-AC27-59ECBEC2EEDD}.Release|Any CPU.ActiveCfg = Release|Any CPU
		{B3343435-B695-47A0-AC27-59ECBEC2EEDD}.Release|Any CPU.Build.0 = Release|Any CPU
		{A7AD8026-AFB1-44D8-BB21-AD9721839BC4}.Debug|Any CPU.ActiveCfg = Debug|Any CPU
		{A7AD8026-AFB1-44D8-BB21-AD9721839BC4}.Debug|Any CPU.Build.0 = Debug|Any CPU
		{A7AD8026-AFB1-44D8-BB21-AD9721839BC4}.Release|Any CPU.ActiveCfg = Release|Any CPU
		{A7AD8026-AFB1-44D8-BB21-AD9721839BC4}.Release|Any CPU.Build.0 = Release|Any CPU
		{392FE843-91CB-4252-9F3C-9D098D181FC2}.Debug|Any CPU.ActiveCfg = Debug|Any CPU
		{392FE843-91CB-4252-9F3C-9D098D181FC2}.Debug|Any CPU.Build.0 = Debug|Any CPU
		{392FE843-91CB-4252-9F3C-9D098D181FC2}.Release|Any CPU.ActiveCfg = Release|Any CPU
		{392FE843-91CB-4252-9F3C-9D098D181FC2}.Release|Any CPU.Build.0 = Release|Any CPU
		{FEAA0B58-39BE-4EF2-8DD0-CD007494B8FA}.Debug|Any CPU.ActiveCfg = Debug|Any CPU
		{FEAA0B58-39BE-4EF2-8DD0-CD007494B8FA}.Debug|Any CPU.Build.0 = Debug|Any CPU
		{FEAA0B58-39BE-4EF2-8DD0-CD007494B8FA}.Release|Any CPU.ActiveCfg = Release|Any CPU
		{FEAA0B58-39BE-4EF2-8DD0-CD007494B8FA}.Release|Any CPU.Build.0 = Release|Any CPU
		{DF71AF4F-E4E7-4EA9-AA3F-879A7E1DBD12}.Debug|Any CPU.ActiveCfg = Debug|Any CPU
		{DF71AF4F-E4E7-4EA9-AA3F-879A7E1DBD12}.Debug|Any CPU.Build.0 = Debug|Any CPU
		{DF71AF4F-E4E7-4EA9-AA3F-879A7E1DBD12}.Release|Any CPU.ActiveCfg = Release|Any CPU
		{DF71AF4F-E4E7-4EA9-AA3F-879A7E1DBD12}.Release|Any CPU.Build.0 = Release|Any CPU
	EndGlobalSection
	GlobalSection(SolutionProperties) = preSolution
		HideSolutionNode = FALSE
	EndGlobalSection
	GlobalSection(ExtensibilityGlobals) = postSolution
		SolutionGuid = {0B89C3E5-316D-4F03-97EC-A6EEF2A8C3B6}
	EndGlobalSection
EndGlobal
